// !$*UTF8*$!
{
	archiveVersion = 1;
	classes = {
	};
	objectVersion = 46;
	objects = {

/* Begin PBXBuildFile section */
		1D3623260D0F684500981E51 /* CircloAppDelegate.m in Sources */ = {isa = PBXBuildFile; fileRef = 1D3623250D0F684500981E51 /* CircloAppDelegate.m */; };
		1D60589B0D05DD56006BFB54 /* main.m in Sources */ = {isa = PBXBuildFile; fileRef = 29B97316FDCFA39411CA2CEA /* main.m */; };
		1D60589F0D05DD5A006BFB54 /* Foundation.framework in Frameworks */ = {isa = PBXBuildFile; fileRef = 1D30AB110D05D00D00671497 /* Foundation.framework */; };
		1DF5F4E00D08C38300B7A737 /* UIKit.framework in Frameworks */ = {isa = PBXBuildFile; fileRef = 1DF5F4DF0D08C38300B7A737 /* UIKit.framework */; };
		288765A50DF7441C002DB57D /* CoreGraphics.framework in Frameworks */ = {isa = PBXBuildFile; fileRef = 288765A40DF7441C002DB57D /* CoreGraphics.framework */; };
		2899E5220DE3E06400AC0155 /* CircloViewController.xib in Resources */ = {isa = PBXBuildFile; fileRef = 2899E5210DE3E06400AC0155 /* CircloViewController.xib */; };
		28AD733F0D9D9553002E5188 /* MainWindow.xib in Resources */ = {isa = PBXBuildFile; fileRef = 28AD733E0D9D9553002E5188 /* MainWindow.xib */; };
		28D7ACF80DDB3853001CB0EB /* CircloViewController.m in Sources */ = {isa = PBXBuildFile; fileRef = 28D7ACF70DDB3853001CB0EB /* CircloViewController.m */; };
		90091B801377151C000E3143 /* MainWindow-iPad.xib in Resources */ = {isa = PBXBuildFile; fileRef = 90091B7F1377151C000E3143 /* MainWindow-iPad.xib */; };
		90091B9213771588000E3143 /* LayoutManager.m in Sources */ = {isa = PBXBuildFile; fileRef = 90091B9113771588000E3143 /* LayoutManager.m */; };
		9052857E13C7291C0041EAD0 /* bg.m4a in Resources */ = {isa = PBXBuildFile; fileRef = 9052857D13C7291C0041EAD0 /* bg.m4a */; };
		9063BE5A139B763600DC6E84 /* ReactiveCircleView.m in Sources */ = {isa = PBXBuildFile; fileRef = 9063BE59139B763600DC6E84 /* ReactiveCircleView.m */; };
		90A385A71372630000D25965 /* PulseCircleView.m in Sources */ = {isa = PBXBuildFile; fileRef = 90A385A61372630000D25965 /* PulseCircleView.m */; };
		90CD74131BEF156E006D8E1F /* Images.xcassets in Resources */ = {isa = PBXBuildFile; fileRef = 90CD74121BEF156E006D8E1F /* Images.xcassets */; };
		90CD741C1BEF1BC8006D8E1F /* main.m in Sources */ = {isa = PBXBuildFile; fileRef = 90CD741B1BEF1BC8006D8E1F /* main.m */; };
		90CD741F1BEF1BC8006D8E1F /* AppDelegate.m in Sources */ = {isa = PBXBuildFile; fileRef = 90CD741E1BEF1BC8006D8E1F /* AppDelegate.m */; };
		90CD74221BEF1BC8006D8E1F /* ViewController.m in Sources */ = {isa = PBXBuildFile; fileRef = 90CD74211BEF1BC8006D8E1F /* ViewController.m */; };
		90CD74251BEF1BC8006D8E1F /* Main.storyboard in Resources */ = {isa = PBXBuildFile; fileRef = 90CD74231BEF1BC8006D8E1F /* Main.storyboard */; };
		90CD74271BEF1BC8006D8E1F /* Assets.xcassets in Resources */ = {isa = PBXBuildFile; fileRef = 90CD74261BEF1BC8006D8E1F /* Assets.xcassets */; };
		90CD743D1BEF24DB006D8E1F /* CircloAudioPlayer.m in Sources */ = {isa = PBXBuildFile; fileRef = 90CD743C1BEF24DB006D8E1F /* CircloAudioPlayer.m */; };
		90CD743E1BEF24E0006D8E1F /* CircloAudioPlayer.m in Sources */ = {isa = PBXBuildFile; fileRef = 90CD743C1BEF24DB006D8E1F /* CircloAudioPlayer.m */; };
		90CD74401BEF251A006D8E1F /* AbstractCircle.m in Sources */ = {isa = PBXBuildFile; fileRef = 90E21753139E714300621116 /* AbstractCircle.m */; };
		90CD74411BEF251A006D8E1F /* Circle.m in Sources */ = {isa = PBXBuildFile; fileRef = 90E21750139E6E7E00621116 /* Circle.m */; };
		90CD74421BEF251A006D8E1F /* PulseCircleView.m in Sources */ = {isa = PBXBuildFile; fileRef = 90A385A61372630000D25965 /* PulseCircleView.m */; };
		90CD74431BEF251A006D8E1F /* ReactiveCircleView.m in Sources */ = {isa = PBXBuildFile; fileRef = 9063BE59139B763600DC6E84 /* ReactiveCircleView.m */; };
		90CD74441BEF251A006D8E1F /* MenuView.m in Sources */ = {isa = PBXBuildFile; fileRef = 90E7145A13B22C7C00BDE5B2 /* MenuView.m */; };
		90CD74451BEF251A006D8E1F /* CircloViewController.m in Sources */ = {isa = PBXBuildFile; fileRef = 28D7ACF70DDB3853001CB0EB /* CircloViewController.m */; };
		90CD74461BEF251A006D8E1F /* LayoutManager.m in Sources */ = {isa = PBXBuildFile; fileRef = 90091B9113771588000E3143 /* LayoutManager.m */; };
		90CD74471BEF251A006D8E1F /* ColorSchemeManager.m in Sources */ = {isa = PBXBuildFile; fileRef = 90E9049813B2FD5B0055FBF0 /* ColorSchemeManager.m */; };
		90CD74481BEF251A006D8E1F /* SoundManager.m in Sources */ = {isa = PBXBuildFile; fileRef = 90F2D2C913BB711600DC0827 /* SoundManager.m */; };
		90CD74491BEF251A006D8E1F /* CircloConstants.m in Sources */ = {isa = PBXBuildFile; fileRef = 90F1280913B999DB0071C83B /* CircloConstants.m */; };
		90CD744A1BEF3D41006D8E1F /* ColorScheme.m in Sources */ = {isa = PBXBuildFile; fileRef = 90E9049B13B2FE220055FBF0 /* ColorScheme.m */; };
		90E064B913A871B400E7F1E6 /* QuartzCore.framework in Frameworks */ = {isa = PBXBuildFile; fileRef = 90E064B813A871B400E7F1E6 /* QuartzCore.framework */; };
		90E21751139E6E7E00621116 /* Circle.m in Sources */ = {isa = PBXBuildFile; fileRef = 90E21750139E6E7E00621116 /* Circle.m */; };
		90E21754139E714300621116 /* AbstractCircle.m in Sources */ = {isa = PBXBuildFile; fileRef = 90E21753139E714300621116 /* AbstractCircle.m */; };
		90E7145B13B22C7C00BDE5B2 /* MenuView.m in Sources */ = {isa = PBXBuildFile; fileRef = 90E7145A13B22C7C00BDE5B2 /* MenuView.m */; };
		90E9049913B2FD5B0055FBF0 /* ColorSchemeManager.m in Sources */ = {isa = PBXBuildFile; fileRef = 90E9049813B2FD5B0055FBF0 /* ColorSchemeManager.m */; };
		90E9049C13B2FE220055FBF0 /* ColorScheme.m in Sources */ = {isa = PBXBuildFile; fileRef = 90E9049B13B2FE220055FBF0 /* ColorScheme.m */; };
		90F1280713B997530071C83B /* Sniglet_Regular.ttf in Resources */ = {isa = PBXBuildFile; fileRef = 90F1280613B997530071C83B /* Sniglet_Regular.ttf */; };
		90F1280A13B999DB0071C83B /* CircloConstants.m in Sources */ = {isa = PBXBuildFile; fileRef = 90F1280913B999DB0071C83B /* CircloConstants.m */; };
		90F2D27C13BB696400DC0827 /* AVFoundation.framework in Frameworks */ = {isa = PBXBuildFile; fileRef = 90F2D27B13BB696400DC0827 /* AVFoundation.framework */; };
		90F2D27E13BB696C00DC0827 /* AudioToolbox.framework in Frameworks */ = {isa = PBXBuildFile; fileRef = 90F2D27D13BB696C00DC0827 /* AudioToolbox.framework */; };
		90F2D28A13BB69CE00DC0827 /* OpenAL.framework in Frameworks */ = {isa = PBXBuildFile; fileRef = 90F2D28913BB69CE00DC0827 /* OpenAL.framework */; };
		90F2D2AA13BB70BF00DC0827 /* 1-1.caf in Resources */ = {isa = PBXBuildFile; fileRef = 90F2D28C13BB70BF00DC0827 /* 1-1.caf */; };
		90F2D2AB13BB70BF00DC0827 /* 1-2.caf in Resources */ = {isa = PBXBuildFile; fileRef = 90F2D28D13BB70BF00DC0827 /* 1-2.caf */; };
		90F2D2AC13BB70BF00DC0827 /* 1-3.caf in Resources */ = {isa = PBXBuildFile; fileRef = 90F2D28E13BB70BF00DC0827 /* 1-3.caf */; };
		90F2D2AD13BB70BF00DC0827 /* 1-4.caf in Resources */ = {isa = PBXBuildFile; fileRef = 90F2D28F13BB70BF00DC0827 /* 1-4.caf */; };
		90F2D2AE13BB70BF00DC0827 /* 1-5.caf in Resources */ = {isa = PBXBuildFile; fileRef = 90F2D29013BB70BF00DC0827 /* 1-5.caf */; };
		90F2D2AF13BB70BF00DC0827 /* 1-6.caf in Resources */ = {isa = PBXBuildFile; fileRef = 90F2D29113BB70BF00DC0827 /* 1-6.caf */; };
		90F2D2B013BB70BF00DC0827 /* 1-7.caf in Resources */ = {isa = PBXBuildFile; fileRef = 90F2D29213BB70BF00DC0827 /* 1-7.caf */; };
		90F2D2B113BB70BF00DC0827 /* 1-8.caf in Resources */ = {isa = PBXBuildFile; fileRef = 90F2D29313BB70BF00DC0827 /* 1-8.caf */; };
		90F2D2B213BB70BF00DC0827 /* 1-9.caf in Resources */ = {isa = PBXBuildFile; fileRef = 90F2D29413BB70BF00DC0827 /* 1-9.caf */; };
		90F2D2B313BB70BF00DC0827 /* 1-10.caf in Resources */ = {isa = PBXBuildFile; fileRef = 90F2D29513BB70BF00DC0827 /* 1-10.caf */; };
		90F2D2B413BB70BF00DC0827 /* 1-11.caf in Resources */ = {isa = PBXBuildFile; fileRef = 90F2D29613BB70BF00DC0827 /* 1-11.caf */; };
		90F2D2B513BB70BF00DC0827 /* 1-12.caf in Resources */ = {isa = PBXBuildFile; fileRef = 90F2D29713BB70BF00DC0827 /* 1-12.caf */; };
		90F2D2B613BB70BF00DC0827 /* 2-1.caf in Resources */ = {isa = PBXBuildFile; fileRef = 90F2D29813BB70BF00DC0827 /* 2-1.caf */; };
		90F2D2B713BB70BF00DC0827 /* 2-2.caf in Resources */ = {isa = PBXBuildFile; fileRef = 90F2D29913BB70BF00DC0827 /* 2-2.caf */; };
		90F2D2B813BB70BF00DC0827 /* 3-1.caf in Resources */ = {isa = PBXBuildFile; fileRef = 90F2D29A13BB70BF00DC0827 /* 3-1.caf */; };
		90F2D2B913BB70BF00DC0827 /* 3-2.caf in Resources */ = {isa = PBXBuildFile; fileRef = 90F2D29B13BB70BF00DC0827 /* 3-2.caf */; };
		90F2D2BA13BB70BF00DC0827 /* 3-3.caf in Resources */ = {isa = PBXBuildFile; fileRef = 90F2D29C13BB70BF00DC0827 /* 3-3.caf */; };
		90F2D2BB13BB70BF00DC0827 /* 3-4.caf in Resources */ = {isa = PBXBuildFile; fileRef = 90F2D29D13BB70BF00DC0827 /* 3-4.caf */; };
		90F2D2BC13BB70BF00DC0827 /* 3-5.caf in Resources */ = {isa = PBXBuildFile; fileRef = 90F2D29E13BB70BF00DC0827 /* 3-5.caf */; };
		90F2D2BD13BB70BF00DC0827 /* 3-6.caf in Resources */ = {isa = PBXBuildFile; fileRef = 90F2D29F13BB70BF00DC0827 /* 3-6.caf */; };
		90F2D2BE13BB70BF00DC0827 /* 4-1.caf in Resources */ = {isa = PBXBuildFile; fileRef = 90F2D2A013BB70BF00DC0827 /* 4-1.caf */; };
		90F2D2BF13BB70BF00DC0827 /* 4-2.caf in Resources */ = {isa = PBXBuildFile; fileRef = 90F2D2A113BB70BF00DC0827 /* 4-2.caf */; };
		90F2D2C013BB70BF00DC0827 /* 4-3.caf in Resources */ = {isa = PBXBuildFile; fileRef = 90F2D2A213BB70BF00DC0827 /* 4-3.caf */; };
		90F2D2C113BB70BF00DC0827 /* 4-4.caf in Resources */ = {isa = PBXBuildFile; fileRef = 90F2D2A313BB70BF00DC0827 /* 4-4.caf */; };
		90F2D2C213BB70BF00DC0827 /* 4-5.caf in Resources */ = {isa = PBXBuildFile; fileRef = 90F2D2A413BB70BF00DC0827 /* 4-5.caf */; };
		90F2D2C313BB70BF00DC0827 /* 4-6.caf in Resources */ = {isa = PBXBuildFile; fileRef = 90F2D2A513BB70BF00DC0827 /* 4-6.caf */; };
		90F2D2C413BB70BF00DC0827 /* 4-7.caf in Resources */ = {isa = PBXBuildFile; fileRef = 90F2D2A613BB70BF00DC0827 /* 4-7.caf */; };
		90F2D2C513BB70BF00DC0827 /* 4-8.caf in Resources */ = {isa = PBXBuildFile; fileRef = 90F2D2A713BB70BF00DC0827 /* 4-8.caf */; };
		90F2D2C613BB70BF00DC0827 /* 4-9.caf in Resources */ = {isa = PBXBuildFile; fileRef = 90F2D2A813BB70BF00DC0827 /* 4-9.caf */; };
		90F2D2C713BB70BF00DC0827 /* 4-10.caf in Resources */ = {isa = PBXBuildFile; fileRef = 90F2D2A913BB70BF00DC0827 /* 4-10.caf */; };
		90F2D2CA13BB711600DC0827 /* SoundManager.m in Sources */ = {isa = PBXBuildFile; fileRef = 90F2D2C913BB711600DC0827 /* SoundManager.m */; };
/* End PBXBuildFile section */

/* Begin PBXFileReference section */
		1D30AB110D05D00D00671497 /* Foundation.framework */ = {isa = PBXFileReference; lastKnownFileType = wrapper.framework; name = Foundation.framework; path = System/Library/Frameworks/Foundation.framework; sourceTree = SDKROOT; };
		1D3623240D0F684500981E51 /* CircloAppDelegate.h */ = {isa = PBXFileReference; fileEncoding = 4; lastKnownFileType = sourcecode.c.h; name = CircloAppDelegate.h; path = Classes/CircloAppDelegate.h; sourceTree = "<group>"; };
		1D3623250D0F684500981E51 /* CircloAppDelegate.m */ = {isa = PBXFileReference; fileEncoding = 4; lastKnownFileType = sourcecode.c.objc; name = CircloAppDelegate.m; path = Classes/CircloAppDelegate.m; sourceTree = "<group>"; };
		1D6058910D05DD3D006BFB54 /* Circlo.app */ = {isa = PBXFileReference; explicitFileType = wrapper.application; includeInIndex = 0; path = Circlo.app; sourceTree = BUILT_PRODUCTS_DIR; };
		1DF5F4DF0D08C38300B7A737 /* UIKit.framework */ = {isa = PBXFileReference; lastKnownFileType = wrapper.framework; name = UIKit.framework; path = System/Library/Frameworks/UIKit.framework; sourceTree = SDKROOT; };
		288765A40DF7441C002DB57D /* CoreGraphics.framework */ = {isa = PBXFileReference; lastKnownFileType = wrapper.framework; name = CoreGraphics.framework; path = System/Library/Frameworks/CoreGraphics.framework; sourceTree = SDKROOT; };
		2899E5210DE3E06400AC0155 /* CircloViewController.xib */ = {isa = PBXFileReference; lastKnownFileType = file.xib; path = CircloViewController.xib; sourceTree = "<group>"; };
		28AD733E0D9D9553002E5188 /* MainWindow.xib */ = {isa = PBXFileReference; lastKnownFileType = file.xib; path = MainWindow.xib; sourceTree = "<group>"; };
		28D7ACF60DDB3853001CB0EB /* CircloViewController.h */ = {isa = PBXFileReference; fileEncoding = 4; lastKnownFileType = sourcecode.c.h; path = CircloViewController.h; sourceTree = "<group>"; };
		28D7ACF70DDB3853001CB0EB /* CircloViewController.m */ = {isa = PBXFileReference; fileEncoding = 4; lastKnownFileType = sourcecode.c.objc; path = CircloViewController.m; sourceTree = "<group>"; };
		29B97316FDCFA39411CA2CEA /* main.m */ = {isa = PBXFileReference; fileEncoding = 4; lastKnownFileType = sourcecode.c.objc; path = main.m; sourceTree = "<group>"; };
		32CA4F630368D1EE00C91783 /* Circlo_Prefix.pch */ = {isa = PBXFileReference; fileEncoding = 4; lastKnownFileType = sourcecode.c.h; path = Circlo_Prefix.pch; sourceTree = "<group>"; };
		8D1107310486CEB800E47090 /* Circlo-Info.plist */ = {isa = PBXFileReference; fileEncoding = 4; lastKnownFileType = text.plist.xml; name = "Circlo-Info.plist"; path = "Resources/Circlo-Info.plist"; plistStructureDefinitionIdentifier = "com.apple.xcode.plist.structure-definition.iphone.info-plist"; sourceTree = "<group>"; };
		90091B7F1377151C000E3143 /* MainWindow-iPad.xib */ = {isa = PBXFileReference; lastKnownFileType = file.xib; path = "MainWindow-iPad.xib"; sourceTree = "<group>"; };
		90091B9013771588000E3143 /* LayoutManager.h */ = {isa = PBXFileReference; fileEncoding = 4; lastKnownFileType = sourcecode.c.h; path = LayoutManager.h; sourceTree = "<group>"; };
		90091B9113771588000E3143 /* LayoutManager.m */ = {isa = PBXFileReference; fileEncoding = 4; lastKnownFileType = sourcecode.c.objc; path = LayoutManager.m; sourceTree = "<group>"; };
		9052857D13C7291C0041EAD0 /* bg.m4a */ = {isa = PBXFileReference; lastKnownFileType = file; path = bg.m4a; sourceTree = "<group>"; };
		9063BE58139B763600DC6E84 /* ReactiveCircleView.h */ = {isa = PBXFileReference; fileEncoding = 4; lastKnownFileType = sourcecode.c.h; path = ReactiveCircleView.h; sourceTree = "<group>"; };
		9063BE59139B763600DC6E84 /* ReactiveCircleView.m */ = {isa = PBXFileReference; fileEncoding = 4; lastKnownFileType = sourcecode.c.objc; path = ReactiveCircleView.m; sourceTree = "<group>"; };
		90A385A51372630000D25965 /* PulseCircleView.h */ = {isa = PBXFileReference; fileEncoding = 4; lastKnownFileType = sourcecode.c.h; path = PulseCircleView.h; sourceTree = "<group>"; };
		90A385A61372630000D25965 /* PulseCircleView.m */ = {isa = PBXFileReference; fileEncoding = 4; lastKnownFileType = sourcecode.c.objc; path = PulseCircleView.m; sourceTree = "<group>"; };
		90CD74121BEF156E006D8E1F /* Images.xcassets */ = {isa = PBXFileReference; lastKnownFileType = folder.assetcatalog; name = Images.xcassets; path = Circlo/Images.xcassets; sourceTree = SOURCE_ROOT; };
		90CD74181BEF1BC8006D8E1F /* circlotv.app */ = {isa = PBXFileReference; explicitFileType = wrapper.application; includeInIndex = 0; path = circlotv.app; sourceTree = BUILT_PRODUCTS_DIR; };
		90CD741B1BEF1BC8006D8E1F /* main.m */ = {isa = PBXFileReference; lastKnownFileType = sourcecode.c.objc; path = main.m; sourceTree = "<group>"; };
		90CD741D1BEF1BC8006D8E1F /* AppDelegate.h */ = {isa = PBXFileReference; lastKnownFileType = sourcecode.c.h; path = AppDelegate.h; sourceTree = "<group>"; };
		90CD741E1BEF1BC8006D8E1F /* AppDelegate.m */ = {isa = PBXFileReference; lastKnownFileType = sourcecode.c.objc; path = AppDelegate.m; sourceTree = "<group>"; };
		90CD74201BEF1BC8006D8E1F /* ViewController.h */ = {isa = PBXFileReference; lastKnownFileType = sourcecode.c.h; path = ViewController.h; sourceTree = "<group>"; };
		90CD74211BEF1BC8006D8E1F /* ViewController.m */ = {isa = PBXFileReference; lastKnownFileType = sourcecode.c.objc; path = ViewController.m; sourceTree = "<group>"; };
		90CD74241BEF1BC8006D8E1F /* Base */ = {isa = PBXFileReference; lastKnownFileType = file.storyboard; name = Base; path = Base.lproj/Main.storyboard; sourceTree = "<group>"; };
		90CD74261BEF1BC8006D8E1F /* Assets.xcassets */ = {isa = PBXFileReference; lastKnownFileType = folder.assetcatalog; path = Assets.xcassets; sourceTree = "<group>"; };
		90CD74281BEF1BC8006D8E1F /* Info.plist */ = {isa = PBXFileReference; lastKnownFileType = text.plist.xml; path = Info.plist; sourceTree = "<group>"; };
		90CD743B1BEF24DB006D8E1F /* CircloAudioPlayer.h */ = {isa = PBXFileReference; fileEncoding = 4; lastKnownFileType = sourcecode.c.h; name = CircloAudioPlayer.h; path = Classes/CircloAudioPlayer.h; sourceTree = "<group>"; };
		90CD743C1BEF24DB006D8E1F /* CircloAudioPlayer.m */ = {isa = PBXFileReference; fileEncoding = 4; lastKnownFileType = sourcecode.c.objc; name = CircloAudioPlayer.m; path = Classes/CircloAudioPlayer.m; sourceTree = "<group>"; };
		90E064B813A871B400E7F1E6 /* QuartzCore.framework */ = {isa = PBXFileReference; lastKnownFileType = wrapper.framework; name = QuartzCore.framework; path = System/Library/Frameworks/QuartzCore.framework; sourceTree = SDKROOT; };
		90E2174F139E6E7E00621116 /* Circle.h */ = {isa = PBXFileReference; fileEncoding = 4; lastKnownFileType = sourcecode.c.h; path = Circle.h; sourceTree = "<group>"; };
		90E21750139E6E7E00621116 /* Circle.m */ = {isa = PBXFileReference; fileEncoding = 4; lastKnownFileType = sourcecode.c.objc; path = Circle.m; sourceTree = "<group>"; };
		90E21752139E714300621116 /* AbstractCircle.h */ = {isa = PBXFileReference; fileEncoding = 4; lastKnownFileType = sourcecode.c.h; path = AbstractCircle.h; sourceTree = "<group>"; };
		90E21753139E714300621116 /* AbstractCircle.m */ = {isa = PBXFileReference; fileEncoding = 4; lastKnownFileType = sourcecode.c.objc; path = AbstractCircle.m; sourceTree = "<group>"; };
		90E7145913B22C7C00BDE5B2 /* MenuView.h */ = {isa = PBXFileReference; fileEncoding = 4; lastKnownFileType = sourcecode.c.h; path = MenuView.h; sourceTree = "<group>"; };
		90E7145A13B22C7C00BDE5B2 /* MenuView.m */ = {isa = PBXFileReference; fileEncoding = 4; lastKnownFileType = sourcecode.c.objc; path = MenuView.m; sourceTree = "<group>"; };
		90E9049713B2FD5B0055FBF0 /* ColorSchemeManager.h */ = {isa = PBXFileReference; fileEncoding = 4; lastKnownFileType = sourcecode.c.h; path = ColorSchemeManager.h; sourceTree = "<group>"; };
		90E9049813B2FD5B0055FBF0 /* ColorSchemeManager.m */ = {isa = PBXFileReference; fileEncoding = 4; lastKnownFileType = sourcecode.c.objc; path = ColorSchemeManager.m; sourceTree = "<group>"; };
		90E9049A13B2FE220055FBF0 /* ColorScheme.h */ = {isa = PBXFileReference; fileEncoding = 4; lastKnownFileType = sourcecode.c.h; path = ColorScheme.h; sourceTree = "<group>"; };
		90E9049B13B2FE220055FBF0 /* ColorScheme.m */ = {isa = PBXFileReference; fileEncoding = 4; lastKnownFileType = sourcecode.c.objc; path = ColorScheme.m; sourceTree = "<group>"; };
		90F1280613B997530071C83B /* Sniglet_Regular.ttf */ = {isa = PBXFileReference; lastKnownFileType = file; name = Sniglet_Regular.ttf; path = Resources/Sniglet_Regular.ttf; sourceTree = "<group>"; };
		90F1280813B999DB0071C83B /* CircloConstants.h */ = {isa = PBXFileReference; fileEncoding = 4; lastKnownFileType = sourcecode.c.h; name = CircloConstants.h; path = Classes/CircloConstants.h; sourceTree = "<group>"; };
		90F1280913B999DB0071C83B /* CircloConstants.m */ = {isa = PBXFileReference; fileEncoding = 4; lastKnownFileType = sourcecode.c.objc; name = CircloConstants.m; path = Classes/CircloConstants.m; sourceTree = "<group>"; };
		90F2D27B13BB696400DC0827 /* AVFoundation.framework */ = {isa = PBXFileReference; lastKnownFileType = wrapper.framework; name = AVFoundation.framework; path = System/Library/Frameworks/AVFoundation.framework; sourceTree = SDKROOT; };
		90F2D27D13BB696C00DC0827 /* AudioToolbox.framework */ = {isa = PBXFileReference; lastKnownFileType = wrapper.framework; name = AudioToolbox.framework; path = System/Library/Frameworks/AudioToolbox.framework; sourceTree = SDKROOT; };
		90F2D27F13BB697700DC0827 /* CoreAudio.framework */ = {isa = PBXFileReference; lastKnownFileType = wrapper.framework; name = CoreAudio.framework; path = System/Library/Frameworks/CoreAudio.framework; sourceTree = SDKROOT; };
		90F2D28113BB699100DC0827 /* MediaPlayer.framework */ = {isa = PBXFileReference; lastKnownFileType = wrapper.framework; name = MediaPlayer.framework; path = System/Library/Frameworks/MediaPlayer.framework; sourceTree = SDKROOT; };
		90F2D28913BB69CE00DC0827 /* OpenAL.framework */ = {isa = PBXFileReference; lastKnownFileType = wrapper.framework; name = OpenAL.framework; path = System/Library/Frameworks/OpenAL.framework; sourceTree = SDKROOT; };
		90F2D28C13BB70BF00DC0827 /* 1-1.caf */ = {isa = PBXFileReference; lastKnownFileType = file; path = "1-1.caf"; sourceTree = "<group>"; };
		90F2D28D13BB70BF00DC0827 /* 1-2.caf */ = {isa = PBXFileReference; lastKnownFileType = file; path = "1-2.caf"; sourceTree = "<group>"; };
		90F2D28E13BB70BF00DC0827 /* 1-3.caf */ = {isa = PBXFileReference; lastKnownFileType = file; path = "1-3.caf"; sourceTree = "<group>"; };
		90F2D28F13BB70BF00DC0827 /* 1-4.caf */ = {isa = PBXFileReference; lastKnownFileType = file; path = "1-4.caf"; sourceTree = "<group>"; };
		90F2D29013BB70BF00DC0827 /* 1-5.caf */ = {isa = PBXFileReference; lastKnownFileType = file; path = "1-5.caf"; sourceTree = "<group>"; };
		90F2D29113BB70BF00DC0827 /* 1-6.caf */ = {isa = PBXFileReference; lastKnownFileType = file; path = "1-6.caf"; sourceTree = "<group>"; };
		90F2D29213BB70BF00DC0827 /* 1-7.caf */ = {isa = PBXFileReference; lastKnownFileType = file; path = "1-7.caf"; sourceTree = "<group>"; };
		90F2D29313BB70BF00DC0827 /* 1-8.caf */ = {isa = PBXFileReference; lastKnownFileType = file; path = "1-8.caf"; sourceTree = "<group>"; };
		90F2D29413BB70BF00DC0827 /* 1-9.caf */ = {isa = PBXFileReference; lastKnownFileType = file; path = "1-9.caf"; sourceTree = "<group>"; };
		90F2D29513BB70BF00DC0827 /* 1-10.caf */ = {isa = PBXFileReference; lastKnownFileType = file; path = "1-10.caf"; sourceTree = "<group>"; };
		90F2D29613BB70BF00DC0827 /* 1-11.caf */ = {isa = PBXFileReference; lastKnownFileType = file; path = "1-11.caf"; sourceTree = "<group>"; };
		90F2D29713BB70BF00DC0827 /* 1-12.caf */ = {isa = PBXFileReference; lastKnownFileType = file; path = "1-12.caf"; sourceTree = "<group>"; };
		90F2D29813BB70BF00DC0827 /* 2-1.caf */ = {isa = PBXFileReference; lastKnownFileType = file; path = "2-1.caf"; sourceTree = "<group>"; };
		90F2D29913BB70BF00DC0827 /* 2-2.caf */ = {isa = PBXFileReference; lastKnownFileType = file; path = "2-2.caf"; sourceTree = "<group>"; };
		90F2D29A13BB70BF00DC0827 /* 3-1.caf */ = {isa = PBXFileReference; lastKnownFileType = file; path = "3-1.caf"; sourceTree = "<group>"; };
		90F2D29B13BB70BF00DC0827 /* 3-2.caf */ = {isa = PBXFileReference; lastKnownFileType = file; path = "3-2.caf"; sourceTree = "<group>"; };
		90F2D29C13BB70BF00DC0827 /* 3-3.caf */ = {isa = PBXFileReference; lastKnownFileType = file; path = "3-3.caf"; sourceTree = "<group>"; };
		90F2D29D13BB70BF00DC0827 /* 3-4.caf */ = {isa = PBXFileReference; lastKnownFileType = file; path = "3-4.caf"; sourceTree = "<group>"; };
		90F2D29E13BB70BF00DC0827 /* 3-5.caf */ = {isa = PBXFileReference; lastKnownFileType = file; path = "3-5.caf"; sourceTree = "<group>"; };
		90F2D29F13BB70BF00DC0827 /* 3-6.caf */ = {isa = PBXFileReference; lastKnownFileType = file; path = "3-6.caf"; sourceTree = "<group>"; };
		90F2D2A013BB70BF00DC0827 /* 4-1.caf */ = {isa = PBXFileReference; lastKnownFileType = file; path = "4-1.caf"; sourceTree = "<group>"; };
		90F2D2A113BB70BF00DC0827 /* 4-2.caf */ = {isa = PBXFileReference; lastKnownFileType = file; path = "4-2.caf"; sourceTree = "<group>"; };
		90F2D2A213BB70BF00DC0827 /* 4-3.caf */ = {isa = PBXFileReference; lastKnownFileType = file; path = "4-3.caf"; sourceTree = "<group>"; };
		90F2D2A313BB70BF00DC0827 /* 4-4.caf */ = {isa = PBXFileReference; lastKnownFileType = file; path = "4-4.caf"; sourceTree = "<group>"; };
		90F2D2A413BB70BF00DC0827 /* 4-5.caf */ = {isa = PBXFileReference; lastKnownFileType = file; path = "4-5.caf"; sourceTree = "<group>"; };
		90F2D2A513BB70BF00DC0827 /* 4-6.caf */ = {isa = PBXFileReference; lastKnownFileType = file; path = "4-6.caf"; sourceTree = "<group>"; };
		90F2D2A613BB70BF00DC0827 /* 4-7.caf */ = {isa = PBXFileReference; lastKnownFileType = file; path = "4-7.caf"; sourceTree = "<group>"; };
		90F2D2A713BB70BF00DC0827 /* 4-8.caf */ = {isa = PBXFileReference; lastKnownFileType = file; path = "4-8.caf"; sourceTree = "<group>"; };
		90F2D2A813BB70BF00DC0827 /* 4-9.caf */ = {isa = PBXFileReference; lastKnownFileType = file; path = "4-9.caf"; sourceTree = "<group>"; };
		90F2D2A913BB70BF00DC0827 /* 4-10.caf */ = {isa = PBXFileReference; lastKnownFileType = file; path = "4-10.caf"; sourceTree = "<group>"; };
		90F2D2C813BB711600DC0827 /* SoundManager.h */ = {isa = PBXFileReference; fileEncoding = 4; lastKnownFileType = sourcecode.c.h; path = SoundManager.h; sourceTree = "<group>"; };
		90F2D2C913BB711600DC0827 /* SoundManager.m */ = {isa = PBXFileReference; fileEncoding = 4; lastKnownFileType = sourcecode.c.objc; path = SoundManager.m; sourceTree = "<group>"; };
/* End PBXFileReference section */

/* Begin PBXFrameworksBuildPhase section */
		1D60588F0D05DD3D006BFB54 /* Frameworks */ = {
			isa = PBXFrameworksBuildPhase;
			buildActionMask = 2147483647;
			files = (
				90F2D28A13BB69CE00DC0827 /* OpenAL.framework in Frameworks */,
				90F2D27E13BB696C00DC0827 /* AudioToolbox.framework in Frameworks */,
				90F2D27C13BB696400DC0827 /* AVFoundation.framework in Frameworks */,
				90E064B913A871B400E7F1E6 /* QuartzCore.framework in Frameworks */,
				1D60589F0D05DD5A006BFB54 /* Foundation.framework in Frameworks */,
				1DF5F4E00D08C38300B7A737 /* UIKit.framework in Frameworks */,
				288765A50DF7441C002DB57D /* CoreGraphics.framework in Frameworks */,
			);
			runOnlyForDeploymentPostprocessing = 0;
		};
		90CD74151BEF1BC8006D8E1F /* Frameworks */ = {
			isa = PBXFrameworksBuildPhase;
			buildActionMask = 2147483647;
			files = (
			);
			runOnlyForDeploymentPostprocessing = 0;
		};
/* End PBXFrameworksBuildPhase section */

/* Begin PBXGroup section */
		19C28FACFE9D520D11CA2CBB /* Products */ = {
			isa = PBXGroup;
			children = (
				1D6058910D05DD3D006BFB54 /* Circlo.app */,
				90CD74181BEF1BC8006D8E1F /* circlotv.app */,
			);
			name = Products;
			sourceTree = "<group>";
		};
		29B97314FDCFA39411CA2CEA /* CustomTemplate */ = {
			isa = PBXGroup;
			children = (
				90CD742D1BEF1BE6006D8E1F /* circlo */,
				90CD74191BEF1BC8006D8E1F /* circlotv */,
				29B97323FDCFA39411CA2CEA /* Frameworks */,
				19C28FACFE9D520D11CA2CBB /* Products */,
			);
			name = CustomTemplate;
			sourceTree = "<group>";
		};
		29B97323FDCFA39411CA2CEA /* Frameworks */ = {
			isa = PBXGroup;
			children = (
				90F2D28913BB69CE00DC0827 /* OpenAL.framework */,
				90F2D28113BB699100DC0827 /* MediaPlayer.framework */,
				90F2D27F13BB697700DC0827 /* CoreAudio.framework */,
				90F2D27D13BB696C00DC0827 /* AudioToolbox.framework */,
				90F2D27B13BB696400DC0827 /* AVFoundation.framework */,
				90E064B813A871B400E7F1E6 /* QuartzCore.framework */,
				1DF5F4DF0D08C38300B7A737 /* UIKit.framework */,
				1D30AB110D05D00D00671497 /* Foundation.framework */,
				288765A40DF7441C002DB57D /* CoreGraphics.framework */,
			);
			name = Frameworks;
			sourceTree = "<group>";
		};
		90B571241491561D00C70A04 /* XIBs */ = {
			isa = PBXGroup;
			children = (
				90091B7F1377151C000E3143 /* MainWindow-iPad.xib */,
				2899E5210DE3E06400AC0155 /* CircloViewController.xib */,
				28AD733E0D9D9553002E5188 /* MainWindow.xib */,
			);
			name = XIBs;
			path = Resources/XIBs;
			sourceTree = "<group>";
		};
		90CD74191BEF1BC8006D8E1F /* circlotv */ = {
			isa = PBXGroup;
			children = (
				90CD741D1BEF1BC8006D8E1F /* AppDelegate.h */,
				90CD741E1BEF1BC8006D8E1F /* AppDelegate.m */,
				90CD74201BEF1BC8006D8E1F /* ViewController.h */,
				90CD74211BEF1BC8006D8E1F /* ViewController.m */,
				90CD74231BEF1BC8006D8E1F /* Main.storyboard */,
				90CD74261BEF1BC8006D8E1F /* Assets.xcassets */,
				90CD74281BEF1BC8006D8E1F /* Info.plist */,
				90CD741A1BEF1BC8006D8E1F /* Supporting Files */,
			);
			path = circlotv;
			sourceTree = "<group>";
		};
		90CD741A1BEF1BC8006D8E1F /* Supporting Files */ = {
			isa = PBXGroup;
			children = (
				90CD741B1BEF1BC8006D8E1F /* main.m */,
			);
			name = "Supporting Files";
			sourceTree = "<group>";
		};
		90CD742D1BEF1BE6006D8E1F /* circlo */ = {
			isa = PBXGroup;
			children = (
				90CD743F1BEF24EA006D8E1F /* Audio */,
				90E9049D13B2FE270055FBF0 /* Model */,
				90D3FE7E13B0DFF900422A56 /* Views */,
				90D3FE7F13B0E02500422A56 /* View controllers */,
				90E9049613B2FD3F0055FBF0 /* Helpers */,
				1D3623240D0F684500981E51 /* CircloAppDelegate.h */,
				1D3623250D0F684500981E51 /* CircloAppDelegate.m */,
				90F1280813B999DB0071C83B /* CircloConstants.h */,
				90F1280913B999DB0071C83B /* CircloConstants.m */,
				8D1107310486CEB800E47090 /* Circlo-Info.plist */,
				90CD74121BEF156E006D8E1F /* Images.xcassets */,
				90CD742E1BEF1C14006D8E1F /* Supporting Files */,
			);
			name = circlo;
			sourceTree = "<group>";
		};
		90CD742E1BEF1C14006D8E1F /* Supporting Files */ = {
			isa = PBXGroup;
			children = (
				32CA4F630368D1EE00C91783 /* Circlo_Prefix.pch */,
				29B97316FDCFA39411CA2CEA /* main.m */,
				90B571241491561D00C70A04 /* XIBs */,
				90F2D28B13BB70A400DC0827 /* Sounds */,
				90F1280613B997530071C83B /* Sniglet_Regular.ttf */,
			);
			name = "Supporting Files";
			sourceTree = "<group>";
		};
		90CD743F1BEF24EA006D8E1F /* Audio */ = {
			isa = PBXGroup;
			children = (
				90CD743B1BEF24DB006D8E1F /* CircloAudioPlayer.h */,
				90CD743C1BEF24DB006D8E1F /* CircloAudioPlayer.m */,
			);
			name = Audio;
			sourceTree = "<group>";
		};
		90D3FE7E13B0DFF900422A56 /* Views */ = {
			isa = PBXGroup;
			children = (
				90E21752139E714300621116 /* AbstractCircle.h */,
				90E21753139E714300621116 /* AbstractCircle.m */,
				90E2174F139E6E7E00621116 /* Circle.h */,
				90E21750139E6E7E00621116 /* Circle.m */,
				90A385A51372630000D25965 /* PulseCircleView.h */,
				90A385A61372630000D25965 /* PulseCircleView.m */,
				9063BE58139B763600DC6E84 /* ReactiveCircleView.h */,
				9063BE59139B763600DC6E84 /* ReactiveCircleView.m */,
				90E7145913B22C7C00BDE5B2 /* MenuView.h */,
				90E7145A13B22C7C00BDE5B2 /* MenuView.m */,
			);
			name = Views;
			path = Classes;
			sourceTree = "<group>";
		};
		90D3FE7F13B0E02500422A56 /* View controllers */ = {
			isa = PBXGroup;
			children = (
				28D7ACF60DDB3853001CB0EB /* CircloViewController.h */,
				28D7ACF70DDB3853001CB0EB /* CircloViewController.m */,
			);
			name = "View controllers";
			path = Classes;
			sourceTree = "<group>";
		};
		90E9049613B2FD3F0055FBF0 /* Helpers */ = {
			isa = PBXGroup;
			children = (
				90091B9013771588000E3143 /* LayoutManager.h */,
				90091B9113771588000E3143 /* LayoutManager.m */,
				90E9049713B2FD5B0055FBF0 /* ColorSchemeManager.h */,
				90E9049813B2FD5B0055FBF0 /* ColorSchemeManager.m */,
				90F2D2C813BB711600DC0827 /* SoundManager.h */,
				90F2D2C913BB711600DC0827 /* SoundManager.m */,
			);
			name = Helpers;
			path = Classes;
			sourceTree = "<group>";
		};
		90E9049D13B2FE270055FBF0 /* Model */ = {
			isa = PBXGroup;
			children = (
				90E9049A13B2FE220055FBF0 /* ColorScheme.h */,
				90E9049B13B2FE220055FBF0 /* ColorScheme.m */,
			);
			name = Model;
			path = Classes;
			sourceTree = "<group>";
		};
		90F2D28B13BB70A400DC0827 /* Sounds */ = {
			isa = PBXGroup;
			children = (
				9052857D13C7291C0041EAD0 /* bg.m4a */,
				90F2D28C13BB70BF00DC0827 /* 1-1.caf */,
				90F2D28D13BB70BF00DC0827 /* 1-2.caf */,
				90F2D28E13BB70BF00DC0827 /* 1-3.caf */,
				90F2D28F13BB70BF00DC0827 /* 1-4.caf */,
				90F2D29013BB70BF00DC0827 /* 1-5.caf */,
				90F2D29113BB70BF00DC0827 /* 1-6.caf */,
				90F2D29213BB70BF00DC0827 /* 1-7.caf */,
				90F2D29313BB70BF00DC0827 /* 1-8.caf */,
				90F2D29413BB70BF00DC0827 /* 1-9.caf */,
				90F2D29513BB70BF00DC0827 /* 1-10.caf */,
				90F2D29613BB70BF00DC0827 /* 1-11.caf */,
				90F2D29713BB70BF00DC0827 /* 1-12.caf */,
				90F2D29813BB70BF00DC0827 /* 2-1.caf */,
				90F2D29913BB70BF00DC0827 /* 2-2.caf */,
				90F2D29A13BB70BF00DC0827 /* 3-1.caf */,
				90F2D29B13BB70BF00DC0827 /* 3-2.caf */,
				90F2D29C13BB70BF00DC0827 /* 3-3.caf */,
				90F2D29D13BB70BF00DC0827 /* 3-4.caf */,
				90F2D29E13BB70BF00DC0827 /* 3-5.caf */,
				90F2D29F13BB70BF00DC0827 /* 3-6.caf */,
				90F2D2A013BB70BF00DC0827 /* 4-1.caf */,
				90F2D2A113BB70BF00DC0827 /* 4-2.caf */,
				90F2D2A213BB70BF00DC0827 /* 4-3.caf */,
				90F2D2A313BB70BF00DC0827 /* 4-4.caf */,
				90F2D2A413BB70BF00DC0827 /* 4-5.caf */,
				90F2D2A513BB70BF00DC0827 /* 4-6.caf */,
				90F2D2A613BB70BF00DC0827 /* 4-7.caf */,
				90F2D2A713BB70BF00DC0827 /* 4-8.caf */,
				90F2D2A813BB70BF00DC0827 /* 4-9.caf */,
				90F2D2A913BB70BF00DC0827 /* 4-10.caf */,
			);
			name = Sounds;
			path = Resources/Sounds;
			sourceTree = "<group>";
		};
/* End PBXGroup section */

/* Begin PBXNativeTarget section */
		1D6058900D05DD3D006BFB54 /* Circlo */ = {
			isa = PBXNativeTarget;
			buildConfigurationList = 1D6058960D05DD3E006BFB54 /* Build configuration list for PBXNativeTarget "Circlo" */;
			buildPhases = (
				1D60588D0D05DD3D006BFB54 /* Resources */,
				1D60588E0D05DD3D006BFB54 /* Sources */,
				1D60588F0D05DD3D006BFB54 /* Frameworks */,
			);
			buildRules = (
			);
			dependencies = (
			);
			name = Circlo;
			productName = Circlo;
			productReference = 1D6058910D05DD3D006BFB54 /* Circlo.app */;
			productType = "com.apple.product-type.application";
		};
		90CD74171BEF1BC8006D8E1F /* circlotv */ = {
			isa = PBXNativeTarget;
			buildConfigurationList = 90CD74291BEF1BC8006D8E1F /* Build configuration list for PBXNativeTarget "circlotv" */;
			buildPhases = (
				90CD74141BEF1BC8006D8E1F /* Sources */,
				90CD74151BEF1BC8006D8E1F /* Frameworks */,
				90CD74161BEF1BC8006D8E1F /* Resources */,
			);
			buildRules = (
			);
			dependencies = (
			);
			name = circlotv;
			productName = circlotv;
			productReference = 90CD74181BEF1BC8006D8E1F /* circlotv.app */;
			productType = "com.apple.product-type.application";
		};
/* End PBXNativeTarget section */

/* Begin PBXProject section */
		29B97313FDCFA39411CA2CEA /* Project object */ = {
			isa = PBXProject;
			attributes = {
				LastUpgradeCheck = 0710;
				ORGANIZATIONNAME = "Aero Deko";
				TargetAttributes = {
					90CD74171BEF1BC8006D8E1F = {
						CreatedOnToolsVersion = 7.1;
					};
				};
			};
			buildConfigurationList = C01FCF4E08A954540054247B /* Build configuration list for PBXProject "Circlo" */;
			compatibilityVersion = "Xcode 3.2";
			developmentRegion = English;
			hasScannedForEncodings = 1;
			knownRegions = (
				English,
				Japanese,
				French,
				German,
				Base,
			);
			mainGroup = 29B97314FDCFA39411CA2CEA /* CustomTemplate */;
			projectDirPath = "";
			projectRoot = "";
			targets = (
				1D6058900D05DD3D006BFB54 /* Circlo */,
				90CD74171BEF1BC8006D8E1F /* circlotv */,
			);
		};
/* End PBXProject section */

/* Begin PBXResourcesBuildPhase section */
		1D60588D0D05DD3D006BFB54 /* Resources */ = {
			isa = PBXResourcesBuildPhase;
			buildActionMask = 2147483647;
			files = (
				28AD733F0D9D9553002E5188 /* MainWindow.xib in Resources */,
				2899E5220DE3E06400AC0155 /* CircloViewController.xib in Resources */,
				90091B801377151C000E3143 /* MainWindow-iPad.xib in Resources */,
				90F1280713B997530071C83B /* Sniglet_Regular.ttf in Resources */,
				90F2D2AA13BB70BF00DC0827 /* 1-1.caf in Resources */,
				90F2D2AB13BB70BF00DC0827 /* 1-2.caf in Resources */,
				90F2D2AC13BB70BF00DC0827 /* 1-3.caf in Resources */,
				90F2D2AD13BB70BF00DC0827 /* 1-4.caf in Resources */,
				90F2D2AE13BB70BF00DC0827 /* 1-5.caf in Resources */,
				90F2D2AF13BB70BF00DC0827 /* 1-6.caf in Resources */,
				90F2D2B013BB70BF00DC0827 /* 1-7.caf in Resources */,
				90F2D2B113BB70BF00DC0827 /* 1-8.caf in Resources */,
				90F2D2B213BB70BF00DC0827 /* 1-9.caf in Resources */,
				90F2D2B313BB70BF00DC0827 /* 1-10.caf in Resources */,
				90F2D2B413BB70BF00DC0827 /* 1-11.caf in Resources */,
				90F2D2B513BB70BF00DC0827 /* 1-12.caf in Resources */,
				90F2D2B613BB70BF00DC0827 /* 2-1.caf in Resources */,
				90F2D2B713BB70BF00DC0827 /* 2-2.caf in Resources */,
				90F2D2B813BB70BF00DC0827 /* 3-1.caf in Resources */,
				90F2D2B913BB70BF00DC0827 /* 3-2.caf in Resources */,
				90F2D2BA13BB70BF00DC0827 /* 3-3.caf in Resources */,
				90F2D2BB13BB70BF00DC0827 /* 3-4.caf in Resources */,
				90F2D2BC13BB70BF00DC0827 /* 3-5.caf in Resources */,
				90F2D2BD13BB70BF00DC0827 /* 3-6.caf in Resources */,
				90F2D2BE13BB70BF00DC0827 /* 4-1.caf in Resources */,
				90F2D2BF13BB70BF00DC0827 /* 4-2.caf in Resources */,
				90F2D2C013BB70BF00DC0827 /* 4-3.caf in Resources */,
				90F2D2C113BB70BF00DC0827 /* 4-4.caf in Resources */,
				90F2D2C213BB70BF00DC0827 /* 4-5.caf in Resources */,
				90F2D2C313BB70BF00DC0827 /* 4-6.caf in Resources */,
				90F2D2C413BB70BF00DC0827 /* 4-7.caf in Resources */,
				90F2D2C513BB70BF00DC0827 /* 4-8.caf in Resources */,
				90F2D2C613BB70BF00DC0827 /* 4-9.caf in Resources */,
				90CD74131BEF156E006D8E1F /* Images.xcassets in Resources */,
				90F2D2C713BB70BF00DC0827 /* 4-10.caf in Resources */,
				9052857E13C7291C0041EAD0 /* bg.m4a in Resources */,
			);
			runOnlyForDeploymentPostprocessing = 0;
		};
		90CD74161BEF1BC8006D8E1F /* Resources */ = {
			isa = PBXResourcesBuildPhase;
			buildActionMask = 2147483647;
			files = (
				90CD74271BEF1BC8006D8E1F /* Assets.xcassets in Resources */,
				90CD74251BEF1BC8006D8E1F /* Main.storyboard in Resources */,
			);
			runOnlyForDeploymentPostprocessing = 0;
		};
/* End PBXResourcesBuildPhase section */

/* Begin PBXSourcesBuildPhase section */
		1D60588E0D05DD3D006BFB54 /* Sources */ = {
			isa = PBXSourcesBuildPhase;
			buildActionMask = 2147483647;
			files = (
				1D60589B0D05DD56006BFB54 /* main.m in Sources */,
				1D3623260D0F684500981E51 /* CircloAppDelegate.m in Sources */,
				28D7ACF80DDB3853001CB0EB /* CircloViewController.m in Sources */,
				90A385A71372630000D25965 /* PulseCircleView.m in Sources */,
				90091B9213771588000E3143 /* LayoutManager.m in Sources */,
				9063BE5A139B763600DC6E84 /* ReactiveCircleView.m in Sources */,
				90E21751139E6E7E00621116 /* Circle.m in Sources */,
				90E21754139E714300621116 /* AbstractCircle.m in Sources */,
				90E7145B13B22C7C00BDE5B2 /* MenuView.m in Sources */,
				90E9049913B2FD5B0055FBF0 /* ColorSchemeManager.m in Sources */,
				90E9049C13B2FE220055FBF0 /* ColorScheme.m in Sources */,
				90CD743D1BEF24DB006D8E1F /* CircloAudioPlayer.m in Sources */,
				90F1280A13B999DB0071C83B /* CircloConstants.m in Sources */,
				90F2D2CA13BB711600DC0827 /* SoundManager.m in Sources */,
			);
			runOnlyForDeploymentPostprocessing = 0;
		};
		90CD74141BEF1BC8006D8E1F /* Sources */ = {
			isa = PBXSourcesBuildPhase;
			buildActionMask = 2147483647;
			files = (
				90CD74401BEF251A006D8E1F /* AbstractCircle.m in Sources */,
				90CD74481BEF251A006D8E1F /* SoundManager.m in Sources */,
				90CD74221BEF1BC8006D8E1F /* ViewController.m in Sources */,
				90CD74441BEF251A006D8E1F /* MenuView.m in Sources */,
				90CD743E1BEF24E0006D8E1F /* CircloAudioPlayer.m in Sources */,
				90CD74451BEF251A006D8E1F /* CircloViewController.m in Sources */,
				90CD74421BEF251A006D8E1F /* PulseCircleView.m in Sources */,
				90CD744A1BEF3D41006D8E1F /* ColorScheme.m in Sources */,
				90CD74461BEF251A006D8E1F /* LayoutManager.m in Sources */,
				90CD74411BEF251A006D8E1F /* Circle.m in Sources */,
				90CD741F1BEF1BC8006D8E1F /* AppDelegate.m in Sources */,
				90CD741C1BEF1BC8006D8E1F /* main.m in Sources */,
				90CD74491BEF251A006D8E1F /* CircloConstants.m in Sources */,
				90CD74471BEF251A006D8E1F /* ColorSchemeManager.m in Sources */,
				90CD74431BEF251A006D8E1F /* ReactiveCircleView.m in Sources */,
			);
			runOnlyForDeploymentPostprocessing = 0;
		};
/* End PBXSourcesBuildPhase section */

/* Begin PBXVariantGroup section */
		90CD74231BEF1BC8006D8E1F /* Main.storyboard */ = {
			isa = PBXVariantGroup;
			children = (
				90CD74241BEF1BC8006D8E1F /* Base */,
			);
			name = Main.storyboard;
			sourceTree = "<group>";
		};
/* End PBXVariantGroup section */

/* Begin XCBuildConfiguration section */
		1D6058940D05DD3E006BFB54 /* Debug */ = {
			isa = XCBuildConfiguration;
			buildSettings = {
				ALWAYS_SEARCH_USER_PATHS = NO;
				ASSETCATALOG_COMPILER_APPICON_NAME = AppIcon;
				ASSETCATALOG_COMPILER_LAUNCHIMAGE_NAME = LaunchImage;
				CLANG_ENABLE_MODULES = YES;
				CLANG_ENABLE_OBJC_ARC = YES;
				CODE_SIGN_IDENTITY = "iPhone Developer";
				"CODE_SIGN_IDENTITY[sdk=iphoneos*]" = "iPhone Developer";
				COPY_PHASE_STRIP = NO;
				GCC_DYNAMIC_NO_PIC = NO;
				GCC_OPTIMIZATION_LEVEL = 0;
				GCC_PRECOMPILE_PREFIX_HEADER = YES;
				GCC_PREFIX_HEADER = Circlo_Prefix.pch;
				GCC_VERSION = com.apple.compilers.llvm.clang.1_0;
				GCC_WARN_ABOUT_MISSING_PROTOTYPES = NO;
				INFOPLIST_FILE = "Resources/Circlo-Info.plist";
				IPHONEOS_DEPLOYMENT_TARGET = 7.1;
				PRODUCT_BUNDLE_IDENTIFIER = com.aerodeko.circlo;
				PRODUCT_NAME = Circlo;
				PROVISIONING_PROFILE = "";
				SDKROOT = iphoneos;
				TARGETED_DEVICE_FAMILY = "1,2";
				WARNING_CFLAGS = (
					"-Wall",
					"-Wextra",
					"-Wformat=2",
					"-Wno-format-nonliteral",
					"-Wpacked",
					"-Winit-self",
					"-Wmissing-noreturn",
					"-Wold-style-definition",
					"-Wnested-externs",
					"-Wredundant-decls",
					"-Wwrite-strings",
					"-Wstrict-prototypes",
					"-Winline",
					"-Wmissing-field-initializers",
					"-Wundeclared-selector",
					"-Wno-unused-parameter",
				);
			};
			name = Debug;
		};
		1D6058950D05DD3E006BFB54 /* Release */ = {
			isa = XCBuildConfiguration;
			buildSettings = {
				ALWAYS_SEARCH_USER_PATHS = NO;
				ASSETCATALOG_COMPILER_APPICON_NAME = AppIcon;
				ASSETCATALOG_COMPILER_LAUNCHIMAGE_NAME = LaunchImage;
				CLANG_ENABLE_MODULES = YES;
				CLANG_ENABLE_OBJC_ARC = YES;
				CODE_SIGN_IDENTITY = "iPhone Developer";
				"CODE_SIGN_IDENTITY[sdk=iphoneos*]" = "iPhone Developer";
				COPY_PHASE_STRIP = YES;
				GCC_PRECOMPILE_PREFIX_HEADER = YES;
				GCC_PREFIX_HEADER = Circlo_Prefix.pch;
				GCC_VERSION = com.apple.compilers.llvm.clang.1_0;
				GCC_WARN_ABOUT_MISSING_PROTOTYPES = NO;
				INFOPLIST_FILE = "Resources/Circlo-Info.plist";
				IPHONEOS_DEPLOYMENT_TARGET = 7.1;
				PRODUCT_BUNDLE_IDENTIFIER = com.aerodeko.circlo;
				PRODUCT_NAME = Circlo;
				PROVISIONING_PROFILE = "";
				SDKROOT = iphoneos;
				TARGETED_DEVICE_FAMILY = "1,2";
				VALIDATE_PRODUCT = YES;
				WARNING_CFLAGS = (
					"-Wall",
					"-Wextra",
					"-Wformat=2",
					"-Wno-format-nonliteral",
					"-Wpacked",
					"-Winit-self",
					"-Wmissing-noreturn",
					"-Wold-style-definition",
					"-Wnested-externs",
					"-Wredundant-decls",
					"-Wwrite-strings",
					"-Wstrict-prototypes",
					"-Winline",
					"-Wmissing-field-initializers",
					"-Wundeclared-selector",
					"-Wno-unused-parameter",
				);
			};
			name = Release;
		};
		9070239713CA1823004BBB67 /* Distribution */ = {
			isa = XCBuildConfiguration;
			buildSettings = {
				"CODE_SIGN_IDENTITY[sdk=iphoneos*]" = "iPhone Developer";
				GCC_C_LANGUAGE_STANDARD = c99;
				GCC_WARN_ABOUT_MISSING_PROTOTYPES = YES;
				GCC_WARN_ABOUT_RETURN_TYPE = YES;
				GCC_WARN_UNUSED_VARIABLE = YES;
				IPHONEOS_DEPLOYMENT_TARGET = 4.3;
				OTHER_CFLAGS = "-DNS_BLOCK_ASSERTIONS=1";
				SDKROOT = iphoneos;
			};
			name = Distribution;
		};
		9070239813CA1823004BBB67 /* Distribution */ = {
			isa = XCBuildConfiguration;
			buildSettings = {
				ALWAYS_SEARCH_USER_PATHS = NO;
				ASSETCATALOG_COMPILER_APPICON_NAME = AppIcon;
				ASSETCATALOG_COMPILER_LAUNCHIMAGE_NAME = LaunchImage;
				CLANG_ENABLE_MODULES = YES;
				CLANG_ENABLE_OBJC_ARC = YES;
				CODE_SIGN_IDENTITY = "iPhone Developer";
				"CODE_SIGN_IDENTITY[sdk=iphoneos*]" = "iPhone Developer";
				COPY_PHASE_STRIP = YES;
				GCC_PRECOMPILE_PREFIX_HEADER = YES;
				GCC_PREFIX_HEADER = Circlo_Prefix.pch;
				GCC_VERSION = com.apple.compilers.llvm.clang.1_0;
				GCC_WARN_ABOUT_MISSING_PROTOTYPES = NO;
				INFOPLIST_FILE = "Resources/Circlo-Info.plist";
				IPHONEOS_DEPLOYMENT_TARGET = 7.1;
				PRODUCT_BUNDLE_IDENTIFIER = com.aerodeko.circlo;
				PRODUCT_NAME = Circlo;
				PROVISIONING_PROFILE = "";
				"PROVISIONING_PROFILE[sdk=iphoneos*]" = "";
				SDKROOT = iphoneos;
				TARGETED_DEVICE_FAMILY = "1,2";
				VALIDATE_PRODUCT = YES;
				WARNING_CFLAGS = (
					"-Wall",
					"-Wextra",
					"-Wformat=2",
					"-Wno-format-nonliteral",
					"-Wpacked",
					"-Winit-self",
					"-Wmissing-noreturn",
					"-Wold-style-definition",
					"-Wnested-externs",
					"-Wredundant-decls",
					"-Wwrite-strings",
					"-Wstrict-prototypes",
					"-Winline",
					"-Wmissing-field-initializers",
					"-Wundeclared-selector",
					"-Wno-unused-parameter",
				);
			};
			name = Distribution;
		};
		90CD742A1BEF1BC8006D8E1F /* Debug */ = {
			isa = XCBuildConfiguration;
			buildSettings = {
				ALWAYS_SEARCH_USER_PATHS = NO;
				ASSETCATALOG_COMPILER_APPICON_NAME = "App Icon & Top Shelf Image";
				ASSETCATALOG_COMPILER_LAUNCHIMAGE_NAME = LaunchImage;
				CLANG_CXX_LANGUAGE_STANDARD = "gnu++0x";
				CLANG_CXX_LIBRARY = "libc++";
				CLANG_ENABLE_MODULES = YES;
				CLANG_ENABLE_OBJC_ARC = YES;
				CLANG_WARN_BOOL_CONVERSION = YES;
				CLANG_WARN_CONSTANT_CONVERSION = YES;
				CLANG_WARN_DIRECT_OBJC_ISA_USAGE = YES_ERROR;
				CLANG_WARN_EMPTY_BODY = YES;
				CLANG_WARN_ENUM_CONVERSION = YES;
				CLANG_WARN_INT_CONVERSION = YES;
				CLANG_WARN_OBJC_ROOT_CLASS = YES_ERROR;
				CLANG_WARN_UNREACHABLE_CODE = YES;
				CLANG_WARN__DUPLICATE_METHOD_MATCH = YES;
				COPY_PHASE_STRIP = NO;
				DEBUG_INFORMATION_FORMAT = dwarf;
				ENABLE_STRICT_OBJC_MSGSEND = YES;
				GCC_C_LANGUAGE_STANDARD = gnu99;
				GCC_DYNAMIC_NO_PIC = NO;
				GCC_NO_COMMON_BLOCKS = YES;
				GCC_OPTIMIZATION_LEVEL = 0;
				GCC_PREFIX_HEADER = Circlo_Prefix.pch;
				GCC_PREPROCESSOR_DEFINITIONS = (
					"DEBUG=1",
					"$(inherited)",
				);
				GCC_WARN_64_TO_32_BIT_CONVERSION = YES;
				GCC_WARN_ABOUT_RETURN_TYPE = YES_ERROR;
				GCC_WARN_UNDECLARED_SELECTOR = YES;
				GCC_WARN_UNINITIALIZED_AUTOS = YES_AGGRESSIVE;
				GCC_WARN_UNUSED_FUNCTION = YES;
				INFOPLIST_FILE = circlotv/Info.plist;
				LD_RUNPATH_SEARCH_PATHS = "$(inherited) @executable_path/Frameworks";
				MTL_ENABLE_DEBUG_INFO = YES;
				PRODUCT_BUNDLE_IDENTIFIER = com.aerodeko.circlotv;
				PRODUCT_NAME = "$(TARGET_NAME)";
				SDKROOT = appletvos;
				TARGETED_DEVICE_FAMILY = 3;
				TVOS_DEPLOYMENT_TARGET = 9.0;
			};
			name = Debug;
		};
		90CD742B1BEF1BC8006D8E1F /* Release */ = {
			isa = XCBuildConfiguration;
			buildSettings = {
				ALWAYS_SEARCH_USER_PATHS = NO;
				ASSETCATALOG_COMPILER_APPICON_NAME = "App Icon & Top Shelf Image";
				ASSETCATALOG_COMPILER_LAUNCHIMAGE_NAME = LaunchImage;
				CLANG_CXX_LANGUAGE_STANDARD = "gnu++0x";
				CLANG_CXX_LIBRARY = "libc++";
				CLANG_ENABLE_MODULES = YES;
				CLANG_ENABLE_OBJC_ARC = YES;
				CLANG_WARN_BOOL_CONVERSION = YES;
				CLANG_WARN_CONSTANT_CONVERSION = YES;
				CLANG_WARN_DIRECT_OBJC_ISA_USAGE = YES_ERROR;
				CLANG_WARN_EMPTY_BODY = YES;
				CLANG_WARN_ENUM_CONVERSION = YES;
				CLANG_WARN_INT_CONVERSION = YES;
				CLANG_WARN_OBJC_ROOT_CLASS = YES_ERROR;
				CLANG_WARN_UNREACHABLE_CODE = YES;
				CLANG_WARN__DUPLICATE_METHOD_MATCH = YES;
				COPY_PHASE_STRIP = NO;
				DEBUG_INFORMATION_FORMAT = "dwarf-with-dsym";
				ENABLE_NS_ASSERTIONS = NO;
				ENABLE_STRICT_OBJC_MSGSEND = YES;
				GCC_C_LANGUAGE_STANDARD = gnu99;
				GCC_NO_COMMON_BLOCKS = YES;
				GCC_PREFIX_HEADER = Circlo_Prefix.pch;
				GCC_WARN_64_TO_32_BIT_CONVERSION = YES;
				GCC_WARN_ABOUT_RETURN_TYPE = YES_ERROR;
				GCC_WARN_UNDECLARED_SELECTOR = YES;
				GCC_WARN_UNINITIALIZED_AUTOS = YES_AGGRESSIVE;
				GCC_WARN_UNUSED_FUNCTION = YES;
				INFOPLIST_FILE = circlotv/Info.plist;
				LD_RUNPATH_SEARCH_PATHS = "$(inherited) @executable_path/Frameworks";
				MTL_ENABLE_DEBUG_INFO = NO;
				PRODUCT_BUNDLE_IDENTIFIER = com.aerodeko.circlotv;
				PRODUCT_NAME = "$(TARGET_NAME)";
				SDKROOT = appletvos;
				TARGETED_DEVICE_FAMILY = 3;
				TVOS_DEPLOYMENT_TARGET = 9.0;
				VALIDATE_PRODUCT = YES;
			};
			name = Release;
		};
		90CD742C1BEF1BC8006D8E1F /* Distribution */ = {
			isa = XCBuildConfiguration;
			buildSettings = {
				ALWAYS_SEARCH_USER_PATHS = NO;
				ASSETCATALOG_COMPILER_APPICON_NAME = "App Icon & Top Shelf Image";
				ASSETCATALOG_COMPILER_LAUNCHIMAGE_NAME = LaunchImage;
				CLANG_CXX_LANGUAGE_STANDARD = "gnu++0x";
				CLANG_CXX_LIBRARY = "libc++";
				CLANG_ENABLE_MODULES = YES;
				CLANG_ENABLE_OBJC_ARC = YES;
				CLANG_WARN_BOOL_CONVERSION = YES;
				CLANG_WARN_CONSTANT_CONVERSION = YES;
				CLANG_WARN_DIRECT_OBJC_ISA_USAGE = YES_ERROR;
				CLANG_WARN_EMPTY_BODY = YES;
				CLANG_WARN_ENUM_CONVERSION = YES;
				CLANG_WARN_INT_CONVERSION = YES;
				CLANG_WARN_OBJC_ROOT_CLASS = YES_ERROR;
				CLANG_WARN_UNREACHABLE_CODE = YES;
				CLANG_WARN__DUPLICATE_METHOD_MATCH = YES;
				COPY_PHASE_STRIP = NO;
				DEBUG_INFORMATION_FORMAT = "dwarf-with-dsym";
				ENABLE_NS_ASSERTIONS = NO;
				ENABLE_STRICT_OBJC_MSGSEND = YES;
				GCC_C_LANGUAGE_STANDARD = gnu99;
				GCC_NO_COMMON_BLOCKS = YES;
				GCC_PREFIX_HEADER = Circlo_Prefix.pch;
				GCC_WARN_64_TO_32_BIT_CONVERSION = YES;
				GCC_WARN_ABOUT_RETURN_TYPE = YES_ERROR;
				GCC_WARN_UNDECLARED_SELECTOR = YES;
				GCC_WARN_UNINITIALIZED_AUTOS = YES_AGGRESSIVE;
				GCC_WARN_UNUSED_FUNCTION = YES;
				INFOPLIST_FILE = circlotv/Info.plist;
				LD_RUNPATH_SEARCH_PATHS = "$(inherited) @executable_path/Frameworks";
				MTL_ENABLE_DEBUG_INFO = NO;
				PRODUCT_BUNDLE_IDENTIFIER = com.aerodeko.circlotv;
				PRODUCT_NAME = "$(TARGET_NAME)";
				SDKROOT = appletvos;
				TARGETED_DEVICE_FAMILY = 3;
				TVOS_DEPLOYMENT_TARGET = 9.0;
				VALIDATE_PRODUCT = YES;
			};
			name = Distribution;
		};
		C01FCF4F08A954540054247B /* Debug */ = {
			isa = XCBuildConfiguration;
			buildSettings = {
				"CODE_SIGN_IDENTITY[sdk=iphoneos*]" = "iPhone Developer";
				ENABLE_TESTABILITY = YES;
				GCC_C_LANGUAGE_STANDARD = c99;
				GCC_WARN_ABOUT_MISSING_PROTOTYPES = YES;
				GCC_WARN_ABOUT_RETURN_TYPE = YES;
				GCC_WARN_UNUSED_VARIABLE = YES;
				IPHONEOS_DEPLOYMENT_TARGET = 4.3;
				ONLY_ACTIVE_ARCH = YES;
				SDKROOT = iphoneos;
			};
			name = Debug;
		};
		C01FCF5008A954540054247B /* Release */ = {
			isa = XCBuildConfiguration;
			buildSettings = {
				"CODE_SIGN_IDENTITY[sdk=iphoneos*]" = "iPhone Developer";
				GCC_C_LANGUAGE_STANDARD = c99;
				GCC_WARN_ABOUT_MISSING_PROTOTYPES = YES;
				GCC_WARN_ABOUT_RETURN_TYPE = YES;
				GCC_WARN_UNUSED_VARIABLE = YES;
				IPHONEOS_DEPLOYMENT_TARGET = 4.3;
				OTHER_CFLAGS = "-DNS_BLOCK_ASSERTIONS=1";
				SDKROOT = iphoneos;
			};
			name = Release;
		};
/* End XCBuildConfiguration section */

/* Begin XCConfigurationList section */
		1D6058960D05DD3E006BFB54 /* Build configuration list for PBXNativeTarget "Circlo" */ = {
			isa = XCConfigurationList;
			buildConfigurations = (
				1D6058940D05DD3E006BFB54 /* Debug */,
				1D6058950D05DD3E006BFB54 /* Release */,
				9070239813CA1823004BBB67 /* Distribution */,
			);
			defaultConfigurationIsVisible = 0;
			defaultConfigurationName = Release;
		};
		90CD74291BEF1BC8006D8E1F /* Build configuration list for PBXNativeTarget "circlotv" */ = {
			isa = XCConfigurationList;
			buildConfigurations = (
				90CD742A1BEF1BC8006D8E1F /* Debug */,
				90CD742B1BEF1BC8006D8E1F /* Release */,
				90CD742C1BEF1BC8006D8E1F /* Distribution */,
			);
			defaultConfigurationIsVisible = 0;
			defaultConfigurationName = Release;
		};
		C01FCF4E08A954540054247B /* Build configuration list for PBXProject "Circlo" */ = {
			isa = XCConfigurationList;
			buildConfigurations = (
				C01FCF4F08A954540054247B /* Debug */,
				C01FCF5008A954540054247B /* Release */,
				9070239713CA1823004BBB67 /* Distribution */,
			);
			defaultConfigurationIsVisible = 0;
			defaultConfigurationName = Release;
		};
/* End XCConfigurationList section */
	};
	rootObject = 29B97313FDCFA39411CA2CEA /* Project object */;
}
